
Microsoft Visual Studio Solution File, Format Version 12.00
# Visual Studio Version 17
VisualStudioVersion = 17.5.002.0
MinimumVisualStudioVersion = 10.0.40219.1
Project("{9A19103F-16F7-4668-BE54-9A1E7A4F7556}") = "cads-gui", "cads-gui.csproj", "{DDF54670-BBAB-4919-9C16-1C094B7C7442}"
EndProject
Global
	GlobalSection(SolutionConfigurationPlatforms) = preSolution
		Debug|Any CPU = Debug|Any CPU
		Release|Any CPU = Release|Any CPU
	EndGlobalSection
	GlobalSection(ProjectConfigurationPlatforms) = postSolution
		{DDF54670-BBAB-4919-9C16-1C094B7C7442}.Debug|Any CPU.ActiveCfg = Debug|Any CPU
		{DDF54670-BBAB-4919-9C16-1C094B7C7442}.Debug|Any CPU.Build.0 = Debug|Any CPU
		{DDF54670-BBAB-4919-9C16-1C094B7C7442}.Release|Any CPU.ActiveCfg = Release|Any CPU
		{DDF54670-BBAB-4919-9C16-1C094B7C7442}.Release|Any CPU.Build.0 = Release|Any CPU
	EndGlobalSection
	GlobalSection(SolutionProperties) = preSolution
		HideSolutionNode = FALSE
	EndGlobalSection
	GlobalSection(ExtensibilityGlobals) = postSolution
		SolutionGuid = {F56C7766-EEDE-4273-900F-D30B7B297EB7}
	EndGlobalSection
EndGlobal
